
Microsoft Visual Studio Solution File, Format Version 12.00
# Visual Studio Version 17
VisualStudioVersion = 17.7.34202.233
MinimumVisualStudioVersion = 10.0.40219.1
Project("{FAE04EC0-301F-11D3-BF4B-00C04F79EFBC}") = "Cretu_Ioana_Lab2", "Cretu_Ioana_Lab2.csproj", "{CFB36D97-BF37-4E84-B9A0-F4D5C41F12A0}"
EndProject
Global
	GlobalSection(SolutionConfigurationPlatforms) = preSolution
		Debug|Any CPU = Debug|Any CPU
		Release|Any CPU = Release|Any CPU
	EndGlobalSection
	GlobalSection(ProjectConfigurationPlatforms) = postSolution
		{CFB36D97-BF37-4E84-B9A0-F4D5C41F12A0}.Debug|Any CPU.ActiveCfg = Debug|Any CPU
		{CFB36D97-BF37-4E84-B9A0-F4D5C41F12A0}.Debug|Any CPU.Build.0 = Debug|Any CPU
		{CFB36D97-BF37-4E84-B9A0-F4D5C41F12A0}.Release|Any CPU.ActiveCfg = Release|Any CPU
		{CFB36D97-BF37-4E84-B9A0-F4D5C41F12A0}.Release|Any CPU.Build.0 = Release|Any CPU
	EndGlobalSection
	GlobalSection(SolutionProperties) = preSolution
		HideSolutionNode = FALSE
	EndGlobalSection
	GlobalSection(ExtensibilityGlobals) = postSolution
		SolutionGuid = {57EFC03B-FEF3-417B-B0AB-FB42440A0547}
	EndGlobalSection
EndGlobal
